{
  "name": "is-promise-test-import",
  "requires": true,
  "lockfileVersion": 1,
  "dependencies": {
    "type-assertions": {
      "version": "1.1.0",
      "resolved": "https://registry.npmjs.org/type-assertions/-/type-assertions-1.1.0.tgz",
      "integrity": "sha512-LJ5h6n63vxS8fSdfTPqIc6IrbCo9X3g6Se+wSikCGsqaAI3ajN0iputclNG07wdWfBoQZIrpASjBQo5BeVNrAg=="
    },
    "typescript": {
      "version": "3.8.3",
      "resolved": "https://registry.npmjs.org/typescript/-/typescript-3.8.3.tgz",
      "integrity": "sha512-MYlEfn5VrLNsgudQTVJeNaQFUAI7DkhnOjdpAp4T+ku1TfQClewlbSuTVHiA+8skNBgaf02TL/kLOvig4y3G8w=="
    }
  }
}
